
Microsoft Visual Studio Solution File, Format Version 12.00
# Visual Studio Version 17
VisualStudioVersion = 17.5.33530.505
MinimumVisualStudioVersion = 10.0.40219.1
Project("{9A19103F-16F7-4668-BE54-9A1E7A4F7556}") = "Kinoteka", "Kinoteka\Kinoteka.csproj", "{229029D4-1D01-41CB-8909-B74573FDE99A}"
	ProjectSection(ProjectDependencies) = postProject
		{408C59C3-868F-42A2-9B80-D056EF6BE397} = {408C59C3-868F-42A2-9B80-D056EF6BE397}
		{74B56512-4F59-42F1-A9D1-3B98B3B4DBF1} = {74B56512-4F59-42F1-A9D1-3B98B3B4DBF1}
		{876A9309-DF9A-455E-89BA-3602D06C25A4} = {876A9309-DF9A-455E-89BA-3602D06C25A4}
	EndProjectSection
EndProject
Project("{9A19103F-16F7-4668-BE54-9A1E7A4F7556}") = "Data", "Data\Data.csproj", "{876A9309-DF9A-455E-89BA-3602D06C25A4}"
EndProject
Project("{9A19103F-16F7-4668-BE54-9A1E7A4F7556}") = "Repository", "Repository\Repository.csproj", "{74B56512-4F59-42F1-A9D1-3B98B3B4DBF1}"
	ProjectSection(ProjectDependencies) = postProject
		{876A9309-DF9A-455E-89BA-3602D06C25A4} = {876A9309-DF9A-455E-89BA-3602D06C25A4}
	EndProjectSection
EndProject
Project("{9A19103F-16F7-4668-BE54-9A1E7A4F7556}") = "Servise", "Servise\Servise.csproj", "{408C59C3-868F-42A2-9B80-D056EF6BE397}"
	ProjectSection(ProjectDependencies) = postProject
		{74B56512-4F59-42F1-A9D1-3B98B3B4DBF1} = {74B56512-4F59-42F1-A9D1-3B98B3B4DBF1}
		{876A9309-DF9A-455E-89BA-3602D06C25A4} = {876A9309-DF9A-455E-89BA-3602D06C25A4}
	EndProjectSection
EndProject
Global
	GlobalSection(SolutionConfigurationPlatforms) = preSolution
		Debug|Any CPU = Debug|Any CPU
		Release|Any CPU = Release|Any CPU
	EndGlobalSection
	GlobalSection(ProjectConfigurationPlatforms) = postSolution
		{229029D4-1D01-41CB-8909-B74573FDE99A}.Debug|Any CPU.ActiveCfg = Debug|Any CPU
		{229029D4-1D01-41CB-8909-B74573FDE99A}.Debug|Any CPU.Build.0 = Debug|Any CPU
		{229029D4-1D01-41CB-8909-B74573FDE99A}.Release|Any CPU.ActiveCfg = Release|Any CPU
		{229029D4-1D01-41CB-8909-B74573FDE99A}.Release|Any CPU.Build.0 = Release|Any CPU
		{876A9309-DF9A-455E-89BA-3602D06C25A4}.Debug|Any CPU.ActiveCfg = Debug|Any CPU
		{876A9309-DF9A-455E-89BA-3602D06C25A4}.Debug|Any CPU.Build.0 = Debug|Any CPU
		{876A9309-DF9A-455E-89BA-3602D06C25A4}.Release|Any CPU.ActiveCfg = Release|Any CPU
		{876A9309-DF9A-455E-89BA-3602D06C25A4}.Release|Any CPU.Build.0 = Release|Any CPU
		{74B56512-4F59-42F1-A9D1-3B98B3B4DBF1}.Debug|Any CPU.ActiveCfg = Debug|Any CPU
		{74B56512-4F59-42F1-A9D1-3B98B3B4DBF1}.Debug|Any CPU.Build.0 = Debug|Any CPU
		{74B56512-4F59-42F1-A9D1-3B98B3B4DBF1}.Release|Any CPU.ActiveCfg = Release|Any CPU
		{74B56512-4F59-42F1-A9D1-3B98B3B4DBF1}.Release|Any CPU.Build.0 = Release|Any CPU
		{408C59C3-868F-42A2-9B80-D056EF6BE397}.Debug|Any CPU.ActiveCfg = Debug|Any CPU
		{408C59C3-868F-42A2-9B80-D056EF6BE397}.Debug|Any CPU.Build.0 = Debug|Any CPU
		{408C59C3-868F-42A2-9B80-D056EF6BE397}.Release|Any CPU.ActiveCfg = Release|Any CPU
		{408C59C3-868F-42A2-9B80-D056EF6BE397}.Release|Any CPU.Build.0 = Release|Any CPU
	EndGlobalSection
	GlobalSection(SolutionProperties) = preSolution
		HideSolutionNode = FALSE
	EndGlobalSection
	GlobalSection(ExtensibilityGlobals) = postSolution
		SolutionGuid = {042CED2E-8879-40BD-A132-FFA5F36A924B}
	EndGlobalSection
EndGlobal
